// !$*UTF8*$!
{
	archiveVersion = 1;
	classes = {
	};
	objectVersion = 50;
	objects = {

/* Begin PBXBuildFile section */
		0996A69E21800739008FC1F5 /* AppDelegate.m in Sources */ = {isa = PBXBuildFile; fileRef = 0996A69D21800739008FC1F5 /* AppDelegate.m */; };
		0996A6A12180073A008FC1F5 /* ViewController.m in Sources */ = {isa = PBXBuildFile; fileRef = 0996A6A02180073A008FC1F5 /* ViewController.m */; };
		0996A6A42180073A008FC1F5 /* Main.storyboard in Resources */ = {isa = PBXBuildFile; fileRef = 0996A6A22180073A008FC1F5 /* Main.storyboard */; };
		0996A6A62180073B008FC1F5 /* Assets.xcassets in Resources */ = {isa = PBXBuildFile; fileRef = 0996A6A52180073B008FC1F5 /* Assets.xcassets */; };
		0996A6A92180073B008FC1F5 /* LaunchScreen.storyboard in Resources */ = {isa = PBXBuildFile; fileRef = 0996A6A72180073B008FC1F5 /* LaunchScreen.storyboard */; };
		0996A6AC2180073B008FC1F5 /* main.m in Sources */ = {isa = PBXBuildFile; fileRef = 0996A6AB2180073B008FC1F5 /* main.m */; };
		0996A6BC218008A1008FC1F5 /* JACardView.m in Sources */ = {isa = PBXBuildFile; fileRef = 0996A6BB218008A1008FC1F5 /* JACardView.m */; };
		0996A6BF21800A70008FC1F5 /* JACard.m in Sources */ = {isa = PBXBuildFile; fileRef = 0996A6BE21800A70008FC1F5 /* JACard.m */; };
		0996A6EB2180451D008FC1F5 /* JAUtilities.m in Sources */ = {isa = PBXBuildFile; fileRef = 0996A6EA2180451D008FC1F5 /* JAUtilities.m */; };
		0996A70821804EA1008FC1F5 /* NSLayoutConstraint+MASDebugAdditions.m in Sources */ = {isa = PBXBuildFile; fileRef = 0996A6EF21804EA1008FC1F5 /* NSLayoutConstraint+MASDebugAdditions.m */; };
		0996A70921804EA1008FC1F5 /* ViewController+MASAdditions.m in Sources */ = {isa = PBXBuildFile; fileRef = 0996A6F821804EA1008FC1F5 /* ViewController+MASAdditions.m */; };
		0996A70A21804EA1008FC1F5 /* MASCompositeConstraint.m in Sources */ = {isa = PBXBuildFile; fileRef = 0996A6FC21804EA1008FC1F5 /* MASCompositeConstraint.m */; };
		0996A70B21804EA1008FC1F5 /* MASConstraintMaker.m in Sources */ = {isa = PBXBuildFile; fileRef = 0996A6FD21804EA1008FC1F5 /* MASConstraintMaker.m */; };
		0996A70C21804EA1008FC1F5 /* MASLayoutConstraint.m in Sources */ = {isa = PBXBuildFile; fileRef = 0996A6FE21804EA1008FC1F5 /* MASLayoutConstraint.m */; };
		0996A70D21804EA1008FC1F5 /* NSArray+MASAdditions.m in Sources */ = {isa = PBXBuildFile; fileRef = 0996A6FF21804EA1008FC1F5 /* NSArray+MASAdditions.m */; };
		0996A70E21804EA1008FC1F5 /* View+MASAdditions.m in Sources */ = {isa = PBXBuildFile; fileRef = 0996A70021804EA1008FC1F5 /* View+MASAdditions.m */; };
		0996A70F21804EA1008FC1F5 /* MASConstraint.m in Sources */ = {isa = PBXBuildFile; fileRef = 0996A70321804EA1008FC1F5 /* MASConstraint.m */; };
		0996A71021804EA1008FC1F5 /* MASViewConstraint.m in Sources */ = {isa = PBXBuildFile; fileRef = 0996A70521804EA1008FC1F5 /* MASViewConstraint.m */; };
		0996A71121804EA1008FC1F5 /* MASViewAttribute.m in Sources */ = {isa = PBXBuildFile; fileRef = 0996A70621804EA1008FC1F5 /* MASViewAttribute.m */; };
		0996A71221804EA1008FC1F5 /* Info.plist in Resources */ = {isa = PBXBuildFile; fileRef = 0996A70721804EA1008FC1F5 /* Info.plist */; };
/* End PBXBuildFile section */

/* Begin PBXFileReference section */
		0996A69921800739008FC1F5 /* JACardViewDemo.app */ = {isa = PBXFileReference; explicitFileType = wrapper.application; includeInIndex = 0; path = JACardViewDemo.app; sourceTree = BUILT_PRODUCTS_DIR; };
		0996A69C21800739008FC1F5 /* AppDelegate.h */ = {isa = PBXFileReference; lastKnownFileType = sourcecode.c.h; path = AppDelegate.h; sourceTree = "<group>"; };
		0996A69D21800739008FC1F5 /* AppDelegate.m */ = {isa = PBXFileReference; lastKnownFileType = sourcecode.c.objc; path = AppDelegate.m; sourceTree = "<group>"; };
		0996A69F2180073A008FC1F5 /* ViewController.h */ = {isa = PBXFileReference; lastKnownFileType = sourcecode.c.h; path = ViewController.h; sourceTree = "<group>"; };
		0996A6A02180073A008FC1F5 /* ViewController.m */ = {isa = PBXFileReference; lastKnownFileType = sourcecode.c.objc; path = ViewController.m; sourceTree = "<group>"; };
		0996A6A32180073A008FC1F5 /* Base */ = {isa = PBXFileReference; lastKnownFileType = file.storyboard; name = Base; path = Base.lproj/Main.storyboard; sourceTree = "<group>"; };
		0996A6A52180073B008FC1F5 /* Assets.xcassets */ = {isa = PBXFileReference; lastKnownFileType = folder.assetcatalog; path = Assets.xcassets; sourceTree = "<group>"; };
		0996A6A82180073B008FC1F5 /* Base */ = {isa = PBXFileReference; lastKnownFileType = file.storyboard; name = Base; path = Base.lproj/LaunchScreen.storyboard; sourceTree = "<group>"; };
		0996A6AA2180073B008FC1F5 /* Info.plist */ = {isa = PBXFileReference; lastKnownFileType = text.plist.xml; path = Info.plist; sourceTree = "<group>"; };
		0996A6AB2180073B008FC1F5 /* main.m */ = {isa = PBXFileReference; lastKnownFileType = sourcecode.c.objc; path = main.m; sourceTree = "<group>"; };
		0996A6BA218008A1008FC1F5 /* JACardView.h */ = {isa = PBXFileReference; lastKnownFileType = sourcecode.c.h; path = JACardView.h; sourceTree = "<group>"; };
		0996A6BB218008A1008FC1F5 /* JACardView.m */ = {isa = PBXFileReference; lastKnownFileType = sourcecode.c.objc; path = JACardView.m; sourceTree = "<group>"; };
		0996A6BD21800A70008FC1F5 /* JACard.h */ = {isa = PBXFileReference; lastKnownFileType = sourcecode.c.h; path = JACard.h; sourceTree = "<group>"; };
		0996A6BE21800A70008FC1F5 /* JACard.m */ = {isa = PBXFileReference; lastKnownFileType = sourcecode.c.objc; path = JACard.m; sourceTree = "<group>"; };
		0996A6E92180451D008FC1F5 /* JAUtilities.h */ = {isa = PBXFileReference; lastKnownFileType = sourcecode.c.h; path = JAUtilities.h; sourceTree = "<group>"; };
		0996A6EA2180451D008FC1F5 /* JAUtilities.m */ = {isa = PBXFileReference; lastKnownFileType = sourcecode.c.objc; path = JAUtilities.m; sourceTree = "<group>"; };
		0996A6EE21804EA1008FC1F5 /* MASCompositeConstraint.h */ = {isa = PBXFileReference; fileEncoding = 4; lastKnownFileType = sourcecode.c.h; path = MASCompositeConstraint.h; sourceTree = "<group>"; };
		0996A6EF21804EA1008FC1F5 /* NSLayoutConstraint+MASDebugAdditions.m */ = {isa = PBXFileReference; fileEncoding = 4; lastKnownFileType = sourcecode.c.objc; path = "NSLayoutConstraint+MASDebugAdditions.m"; sourceTree = "<group>"; };
		0996A6F021804EA1008FC1F5 /* MASConstraint+Private.h */ = {isa = PBXFileReference; fileEncoding = 4; lastKnownFileType = sourcecode.c.h; path = "MASConstraint+Private.h"; sourceTree = "<group>"; };
		0996A6F121804EA1008FC1F5 /* MASLayoutConstraint.h */ = {isa = PBXFileReference; fileEncoding = 4; lastKnownFileType = sourcecode.c.h; path = MASLayoutConstraint.h; sourceTree = "<group>"; };
		0996A6F221804EA1008FC1F5 /* NSArray+MASShorthandAdditions.h */ = {isa = PBXFileReference; fileEncoding = 4; lastKnownFileType = sourcecode.c.h; path = "NSArray+MASShorthandAdditions.h"; sourceTree = "<group>"; };
		0996A6F321804EA1008FC1F5 /* MASConstraintMaker.h */ = {isa = PBXFileReference; fileEncoding = 4; lastKnownFileType = sourcecode.c.h; path = MASConstraintMaker.h; sourceTree = "<group>"; };
		0996A6F421804EA1008FC1F5 /* View+MASAdditions.h */ = {isa = PBXFileReference; fileEncoding = 4; lastKnownFileType = sourcecode.c.h; path = "View+MASAdditions.h"; sourceTree = "<group>"; };
		0996A6F521804EA1008FC1F5 /* NSArray+MASAdditions.h */ = {isa = PBXFileReference; fileEncoding = 4; lastKnownFileType = sourcecode.c.h; path = "NSArray+MASAdditions.h"; sourceTree = "<group>"; };
		0996A6F621804EA1008FC1F5 /* MASUtilities.h */ = {isa = PBXFileReference; fileEncoding = 4; lastKnownFileType = sourcecode.c.h; path = MASUtilities.h; sourceTree = "<group>"; };
		0996A6F721804EA1008FC1F5 /* MASViewAttribute.h */ = {isa = PBXFileReference; fileEncoding = 4; lastKnownFileType = sourcecode.c.h; path = MASViewAttribute.h; sourceTree = "<group>"; };
		0996A6F821804EA1008FC1F5 /* ViewController+MASAdditions.m */ = {isa = PBXFileReference; fileEncoding = 4; lastKnownFileType = sourcecode.c.objc; path = "ViewController+MASAdditions.m"; sourceTree = "<group>"; };
		0996A6F921804EA1008FC1F5 /* MASViewConstraint.h */ = {isa = PBXFileReference; fileEncoding = 4; lastKnownFileType = sourcecode.c.h; path = MASViewConstraint.h; sourceTree = "<group>"; };
		0996A6FA21804EA1008FC1F5 /* MASConstraint.h */ = {isa = PBXFileReference; fileEncoding = 4; lastKnownFileType = sourcecode.c.h; path = MASConstraint.h; sourceTree = "<group>"; };
		0996A6FB21804EA1008FC1F5 /* NSLayoutConstraint+MASDebugAdditions.h */ = {isa = PBXFileReference; fileEncoding = 4; lastKnownFileType = sourcecode.c.h; path = "NSLayoutConstraint+MASDebugAdditions.h"; sourceTree = "<group>"; };
		0996A6FC21804EA1008FC1F5 /* MASCompositeConstraint.m */ = {isa = PBXFileReference; fileEncoding = 4; lastKnownFileType = sourcecode.c.objc; path = MASCompositeConstraint.m; sourceTree = "<group>"; };
		0996A6FD21804EA1008FC1F5 /* MASConstraintMaker.m */ = {isa = PBXFileReference; fileEncoding = 4; lastKnownFileType = sourcecode.c.objc; path = MASConstraintMaker.m; sourceTree = "<group>"; };
		0996A6FE21804EA1008FC1F5 /* MASLayoutConstraint.m */ = {isa = PBXFileReference; fileEncoding = 4; lastKnownFileType = sourcecode.c.objc; path = MASLayoutConstraint.m; sourceTree = "<group>"; };
		0996A6FF21804EA1008FC1F5 /* NSArray+MASAdditions.m */ = {isa = PBXFileReference; fileEncoding = 4; lastKnownFileType = sourcecode.c.objc; path = "NSArray+MASAdditions.m"; sourceTree = "<group>"; };
		0996A70021804EA1008FC1F5 /* View+MASAdditions.m */ = {isa = PBXFileReference; fileEncoding = 4; lastKnownFileType = sourcecode.c.objc; path = "View+MASAdditions.m"; sourceTree = "<group>"; };
		0996A70121804EA1008FC1F5 /* View+MASShorthandAdditions.h */ = {isa = PBXFileReference; fileEncoding = 4; lastKnownFileType = sourcecode.c.h; path = "View+MASShorthandAdditions.h"; sourceTree = "<group>"; };
		0996A70221804EA1008FC1F5 /* Masonry.h */ = {isa = PBXFileReference; fileEncoding = 4; lastKnownFileType = sourcecode.c.h; path = Masonry.h; sourceTree = "<group>"; };
		0996A70321804EA1008FC1F5 /* MASConstraint.m */ = {isa = PBXFileReference; fileEncoding = 4; lastKnownFileType = sourcecode.c.objc; path = MASConstraint.m; sourceTree = "<group>"; };
		0996A70421804EA1008FC1F5 /* ViewController+MASAdditions.h */ = {isa = PBXFileReference; fileEncoding = 4; lastKnownFileType = sourcecode.c.h; path = "ViewController+MASAdditions.h"; sourceTree = "<group>"; };
		0996A70521804EA1008FC1F5 /* MASViewConstraint.m */ = {isa = PBXFileReference; fileEncoding = 4; lastKnownFileType = sourcecode.c.objc; path = MASViewConstraint.m; sourceTree = "<group>"; };
		0996A70621804EA1008FC1F5 /* MASViewAttribute.m */ = {isa = PBXFileReference; fileEncoding = 4; lastKnownFileType = sourcecode.c.objc; path = MASViewAttribute.m; sourceTree = "<group>"; };
		0996A70721804EA1008FC1F5 /* Info.plist */ = {isa = PBXFileReference; fileEncoding = 4; lastKnownFileType = text.plist.xml; path = Info.plist; sourceTree = "<group>"; };
/* End PBXFileReference section */

/* Begin PBXFrameworksBuildPhase section */
		0996A69621800739008FC1F5 /* Frameworks */ = {
			isa = PBXFrameworksBuildPhase;
			buildActionMask = 2147483647;
			files = (
			);
			runOnlyForDeploymentPostprocessing = 0;
		};
/* End PBXFrameworksBuildPhase section */

/* Begin PBXGroup section */
		0996A69021800739008FC1F5 = {
			isa = PBXGroup;
			children = (
				0996A69B21800739008FC1F5 /* JACardViewDemo */,
				0996A69A21800739008FC1F5 /* Products */,
			);
			sourceTree = "<group>";
		};
		0996A69A21800739008FC1F5 /* Products */ = {
			isa = PBXGroup;
			children = (
				0996A69921800739008FC1F5 /* JACardViewDemo.app */,
			);
			name = Products;
			sourceTree = "<group>";
		};
		0996A69B21800739008FC1F5 /* JACardViewDemo */ = {
			isa = PBXGroup;
			children = (
				0996A6C021800BD7008FC1F5 /* SupportingFiles */,
				0996A6B921800890008FC1F5 /* JACardView */,
				0996A69C21800739008FC1F5 /* AppDelegate.h */,
				0996A69D21800739008FC1F5 /* AppDelegate.m */,
				0996A69F2180073A008FC1F5 /* ViewController.h */,
				0996A6A02180073A008FC1F5 /* ViewController.m */,
				0996A6A22180073A008FC1F5 /* Main.storyboard */,
				0996A6A52180073B008FC1F5 /* Assets.xcassets */,
				0996A6A72180073B008FC1F5 /* LaunchScreen.storyboard */,
				0996A6AA2180073B008FC1F5 /* Info.plist */,
				0996A6AB2180073B008FC1F5 /* main.m */,
			);
			path = JACardViewDemo;
			sourceTree = "<group>";
		};
		0996A6B921800890008FC1F5 /* JACardView */ = {
			isa = PBXGroup;
			children = (
				0996A6BA218008A1008FC1F5 /* JACardView.h */,
				0996A6BB218008A1008FC1F5 /* JACardView.m */,
				0996A6BD21800A70008FC1F5 /* JACard.h */,
				0996A6BE21800A70008FC1F5 /* JACard.m */,
				0996A6E92180451D008FC1F5 /* JAUtilities.h */,
				0996A6EA2180451D008FC1F5 /* JAUtilities.m */,
			);
			path = JACardView;
			sourceTree = "<group>";
		};
		0996A6C021800BD7008FC1F5 /* SupportingFiles */ = {
			isa = PBXGroup;
			children = (
				0996A6ED21804EA1008FC1F5 /* Masonry */,
				0996A6EC21804A66008FC1F5 /* Resource */,
			);
			path = SupportingFiles;
			sourceTree = "<group>";
		};
		0996A6EC21804A66008FC1F5 /* Resource */ = {
			isa = PBXGroup;
			children = (
			);
			path = Resource;
			sourceTree = "<group>";
		};
		0996A6ED21804EA1008FC1F5 /* Masonry */ = {
			isa = PBXGroup;
			children = (
				0996A70221804EA1008FC1F5 /* Masonry.h */,
				0996A6F621804EA1008FC1F5 /* MASUtilities.h */,
				0996A6F021804EA1008FC1F5 /* MASConstraint+Private.h */,
				0996A6F221804EA1008FC1F5 /* NSArray+MASShorthandAdditions.h */,
				0996A70121804EA1008FC1F5 /* View+MASShorthandAdditions.h */,
				0996A6FB21804EA1008FC1F5 /* NSLayoutConstraint+MASDebugAdditions.h */,
				0996A6EF21804EA1008FC1F5 /* NSLayoutConstraint+MASDebugAdditions.m */,
				0996A6F121804EA1008FC1F5 /* MASLayoutConstraint.h */,
				0996A6FE21804EA1008FC1F5 /* MASLayoutConstraint.m */,
				0996A6F321804EA1008FC1F5 /* MASConstraintMaker.h */,
				0996A6FD21804EA1008FC1F5 /* MASConstraintMaker.m */,
				0996A6F421804EA1008FC1F5 /* View+MASAdditions.h */,
				0996A70021804EA1008FC1F5 /* View+MASAdditions.m */,
				0996A6F521804EA1008FC1F5 /* NSArray+MASAdditions.h */,
				0996A6FF21804EA1008FC1F5 /* NSArray+MASAdditions.m */,
				0996A6F721804EA1008FC1F5 /* MASViewAttribute.h */,
				0996A70621804EA1008FC1F5 /* MASViewAttribute.m */,
				0996A70421804EA1008FC1F5 /* ViewController+MASAdditions.h */,
				0996A6F821804EA1008FC1F5 /* ViewController+MASAdditions.m */,
				0996A6F921804EA1008FC1F5 /* MASViewConstraint.h */,
				0996A70521804EA1008FC1F5 /* MASViewConstraint.m */,
				0996A6FA21804EA1008FC1F5 /* MASConstraint.h */,
				0996A70321804EA1008FC1F5 /* MASConstraint.m */,
				0996A6EE21804EA1008FC1F5 /* MASCompositeConstraint.h */,
				0996A6FC21804EA1008FC1F5 /* MASCompositeConstraint.m */,
				0996A70721804EA1008FC1F5 /* Info.plist */,
			);
			path = Masonry;
			sourceTree = "<group>";
		};
/* End PBXGroup section */

/* Begin PBXNativeTarget section */
		0996A69821800739008FC1F5 /* JACardViewDemo */ = {
			isa = PBXNativeTarget;
			buildConfigurationList = 0996A6AF2180073B008FC1F5 /* Build configuration list for PBXNativeTarget "JACardViewDemo" */;
			buildPhases = (
				0996A69521800739008FC1F5 /* Sources */,
				0996A69621800739008FC1F5 /* Frameworks */,
				0996A69721800739008FC1F5 /* Resources */,
			);
			buildRules = (
			);
			dependencies = (
			);
			name = JACardViewDemo;
			productName = JACardViewDemo;
			productReference = 0996A69921800739008FC1F5 /* JACardViewDemo.app */;
			productType = "com.apple.product-type.application";
		};
/* End PBXNativeTarget section */

/* Begin PBXProject section */
		0996A69121800739008FC1F5 /* Project object */ = {
			isa = PBXProject;
			attributes = {
				LastUpgradeCheck = 1000;
				ORGANIZATIONNAME = Ja;
				TargetAttributes = {
					0996A69821800739008FC1F5 = {
						CreatedOnToolsVersion = 10.0;
					};
				};
			};
			buildConfigurationList = 0996A69421800739008FC1F5 /* Build configuration list for PBXProject "JACardViewDemo" */;
			compatibilityVersion = "Xcode 9.3";
			developmentRegion = en;
			hasScannedForEncodings = 0;
			knownRegions = (
				en,
				Base,
			);
			mainGroup = 0996A69021800739008FC1F5;
			productRefGroup = 0996A69A21800739008FC1F5 /* Products */;
			projectDirPath = "";
			projectRoot = "";
			targets = (
				0996A69821800739008FC1F5 /* JACardViewDemo */,
			);
		};
/* End PBXProject section */

/* Begin PBXResourcesBuildPhase section */
		0996A69721800739008FC1F5 /* Resources */ = {
			isa = PBXResourcesBuildPhase;
			buildActionMask = 2147483647;
			files = (
				0996A71221804EA1008FC1F5 /* Info.plist in Resources */,
				0996A6A92180073B008FC1F5 /* LaunchScreen.storyboard in Resources */,
				0996A6A62180073B008FC1F5 /* Assets.xcassets in Resources */,
				0996A6A42180073A008FC1F5 /* Main.storyboard in Resources */,
			);
			runOnlyForDeploymentPostprocessing = 0;
		};
/* End PBXResourcesBuildPhase section */

/* Begin PBXSourcesBuildPhase section */
		0996A69521800739008FC1F5 /* Sources */ = {
			isa = PBXSourcesBuildPhase;
			buildActionMask = 2147483647;
			files = (
				0996A71021804EA1008FC1F5 /* MASViewConstraint.m in Sources */,
				0996A6BF21800A70008FC1F5 /* JACard.m in Sources */,
				0996A70B21804EA1008FC1F5 /* MASConstraintMaker.m in Sources */,
				0996A6A12180073A008FC1F5 /* ViewController.m in Sources */,
				0996A70921804EA1008FC1F5 /* ViewController+MASAdditions.m in Sources */,
				0996A70821804EA1008FC1F5 /* NSLayoutConstraint+MASDebugAdditions.m in Sources */,
				0996A70A21804EA1008FC1F5 /* MASCompositeConstraint.m in Sources */,
				0996A6AC2180073B008FC1F5 /* main.m in Sources */,
				0996A70C21804EA1008FC1F5 /* MASLayoutConstraint.m in Sources */,
				0996A70E21804EA1008FC1F5 /* View+MASAdditions.m in Sources */,
				0996A70D21804EA1008FC1F5 /* NSArray+MASAdditions.m in Sources */,
				0996A69E21800739008FC1F5 /* AppDelegate.m in Sources */,
				0996A6BC218008A1008FC1F5 /* JACardView.m in Sources */,
				0996A71121804EA1008FC1F5 /* MASViewAttribute.m in Sources */,
				0996A70F21804EA1008FC1F5 /* MASConstraint.m in Sources */,
				0996A6EB2180451D008FC1F5 /* JAUtilities.m in Sources */,
			);
			runOnlyForDeploymentPostprocessing = 0;
		};
/* End PBXSourcesBuildPhase section */

/* Begin PBXVariantGroup section */
		0996A6A22180073A008FC1F5 /* Main.storyboard */ = {
			isa = PBXVariantGroup;
			children = (
				0996A6A32180073A008FC1F5 /* Base */,
			);
			name = Main.storyboard;
			sourceTree = "<group>";
		};
		0996A6A72180073B008FC1F5 /* LaunchScreen.storyboard */ = {
			isa = PBXVariantGroup;
			children = (
				0996A6A82180073B008FC1F5 /* Base */,
			);
			name = LaunchScreen.storyboard;
			sourceTree = "<group>";
		};
/* End PBXVariantGroup section */

/* Begin XCBuildConfiguration section */
		0996A6AD2180073B008FC1F5 /* Debug */ = {
			isa = XCBuildConfiguration;
			buildSettings = {
				ALWAYS_SEARCH_USER_PATHS = NO;
				CLANG_ANALYZER_NONNULL = YES;
				CLANG_ANALYZER_NUMBER_OBJECT_CONVERSION = YES_AGGRESSIVE;
				CLANG_CXX_LANGUAGE_STANDARD = "gnu++14";
				CLANG_CXX_LIBRARY = "libc++";
				CLANG_ENABLE_MODULES = YES;
				CLANG_ENABLE_OBJC_ARC = YES;
				CLANG_ENABLE_OBJC_WEAK = YES;
				CLANG_WARN_BLOCK_CAPTURE_AUTORELEASING = YES;
				CLANG_WARN_BOOL_CONVERSION = YES;
				CLANG_WARN_COMMA = YES;
				CLANG_WARN_CONSTANT_CONVERSION = YES;
				CLANG_WARN_DEPRECATED_OBJC_IMPLEMENTATIONS = YES;
				CLANG_WARN_DIRECT_OBJC_ISA_USAGE = YES_ERROR;
				CLANG_WARN_DOCUMENTATION_COMMENTS = YES;
				CLANG_WARN_EMPTY_BODY = YES;
				CLANG_WARN_ENUM_CONVERSION = YES;
				CLANG_WARN_INFINITE_RECURSION = YES;
				CLANG_WARN_INT_CONVERSION = YES;
				CLANG_WARN_NON_LITERAL_NULL_CONVERSION = YES;
				CLANG_WARN_OBJC_IMPLICIT_RETAIN_SELF = YES;
				CLANG_WARN_OBJC_LITERAL_CONVERSION = YES;
				CLANG_WARN_OBJC_ROOT_CLASS = YES_ERROR;
				CLANG_WARN_RANGE_LOOP_ANALYSIS = YES;
				CLANG_WARN_STRICT_PROTOTYPES = YES;
				CLANG_WARN_SUSPICIOUS_MOVE = YES;
				CLANG_WARN_UNGUARDED_AVAILABILITY = YES_AGGRESSIVE;
				CLANG_WARN_UNREACHABLE_CODE = YES;
				CLANG_WARN__DUPLICATE_METHOD_MATCH = YES;
				CODE_SIGN_IDENTITY = "iPhone Developer";
				COPY_PHASE_STRIP = NO;
				DEBUG_INFORMATION_FORMAT = dwarf;
				ENABLE_STRICT_OBJC_MSGSEND = YES;
				ENABLE_TESTABILITY = YES;
				GCC_C_LANGUAGE_STANDARD = gnu11;
				GCC_DYNAMIC_NO_PIC = NO;
				GCC_NO_COMMON_BLOCKS = YES;
				GCC_OPTIMIZATION_LEVEL = 0;
				GCC_PREPROCESSOR_DEFINITIONS = (
					"DEBUG=1",
					"$(inherited)",
				);
				GCC_WARN_64_TO_32_BIT_CONVERSION = YES;
				GCC_WARN_ABOUT_RETURN_TYPE = YES_ERROR;
				GCC_WARN_UNDECLARED_SELECTOR = YES;
				GCC_WARN_UNINITIALIZED_AUTOS = YES_AGGRESSIVE;
				GCC_WARN_UNUSED_FUNCTION = YES;
				GCC_WARN_UNUSED_VARIABLE = YES;
				IPHONEOS_DEPLOYMENT_TARGET = 12.0;
				MTL_ENABLE_DEBUG_INFO = INCLUDE_SOURCE;
				MTL_FAST_MATH = YES;
				ONLY_ACTIVE_ARCH = YES;
				SDKROOT = iphoneos;
			};
			name = Debug;
		};
		0996A6AE2180073B008FC1F5 /* Release */ = {
			isa = XCBuildConfiguration;
			buildSettings = {
				ALWAYS_SEARCH_USER_PATHS = NO;
				CLANG_ANALYZER_NONNULL = YES;
				CLANG_ANALYZER_NUMBER_OBJECT_CONVERSION = YES_AGGRESSIVE;
				CLANG_CXX_LANGUAGE_STANDARD = "gnu++14";
				CLANG_CXX_LIBRARY = "libc++";
				CLANG_ENABLE_MODULES = YES;
				CLANG_ENABLE_OBJC_ARC = YES;
				CLANG_ENABLE_OBJC_WEAK = YES;
				CLANG_WARN_BLOCK_CAPTURE_AUTORELEASING = YES;
				CLANG_WARN_BOOL_CONVERSION = YES;
				CLANG_WARN_COMMA = YES;
				CLANG_WARN_CONSTANT_CONVERSION = YES;
				CLANG_WARN_DEPRECATED_OBJC_IMPLEMENTATIONS = YES;
				CLANG_WARN_DIRECT_OBJC_ISA_USAGE = YES_ERROR;
				CLANG_WARN_DOCUMENTATION_COMMENTS = YES;
				CLANG_WARN_EMPTY_BODY = YES;
				CLANG_WARN_ENUM_CONVERSION = YES;
				CLANG_WARN_INFINITE_RECURSION = YES;
				CLANG_WARN_INT_CONVERSION = YES;
				CLANG_WARN_NON_LITERAL_NULL_CONVERSION = YES;
				CLANG_WARN_OBJC_IMPLICIT_RETAIN_SELF = YES;
				CLANG_WARN_OBJC_LITERAL_CONVERSION = YES;
				CLANG_WARN_OBJC_ROOT_CLASS = YES_ERROR;
				CLANG_WARN_RANGE_LOOP_ANALYSIS = YES;
				CLANG_WARN_STRICT_PROTOTYPES = YES;
				CLANG_WARN_SUSPICIOUS_MOVE = YES;
				CLANG_WARN_UNGUARDED_AVAILABILITY = YES_AGGRESSIVE;
				CLANG_WARN_UNREACHABLE_CODE = YES;
				CLANG_WARN__DUPLICATE_METHOD_MATCH = YES;
				CODE_SIGN_IDENTITY = "iPhone Developer";
				COPY_PHASE_STRIP = NO;
				DEBUG_INFORMATION_FORMAT = "dwarf-with-dsym";
				ENABLE_NS_ASSERTIONS = NO;
				ENABLE_STRICT_OBJC_MSGSEND = YES;
				GCC_C_LANGUAGE_STANDARD = gnu11;
				GCC_NO_COMMON_BLOCKS = YES;
				GCC_WARN_64_TO_32_BIT_CONVERSION = YES;
				GCC_WARN_ABOUT_RETURN_TYPE = YES_ERROR;
				GCC_WARN_UNDECLARED_SELECTOR = YES;
				GCC_WARN_UNINITIALIZED_AUTOS = YES_AGGRESSIVE;
				GCC_WARN_UNUSED_FUNCTION = YES;
				GCC_WARN_UNUSED_VARIABLE = YES;
				IPHONEOS_DEPLOYMENT_TARGET = 12.0;
				MTL_ENABLE_DEBUG_INFO = NO;
				MTL_FAST_MATH = YES;
				SDKROOT = iphoneos;
				VALIDATE_PRODUCT = YES;
			};
			name = Release;
		};
		0996A6B02180073B008FC1F5 /* Debug */ = {
			isa = XCBuildConfiguration;
			buildSettings = {
				ASSETCATALOG_COMPILER_APPICON_NAME = AppIcon;
				CODE_SIGN_STYLE = Automatic;
				INFOPLIST_FILE = JACardViewDemo/Info.plist;
				IPHONEOS_DEPLOYMENT_TARGET = 10.0;
				LD_RUNPATH_SEARCH_PATHS = (
					"$(inherited)",
					"@executable_path/Frameworks",
				);
				PRODUCT_BUNDLE_IDENTIFIER = test.JACardViewDemo;
				PRODUCT_NAME = "$(TARGET_NAME)";
				TARGETED_DEVICE_FAMILY = "1,2";
			};
			name = Debug;
		};
		0996A6B12180073B008FC1F5 /* Release */ = {
			isa = XCBuildConfiguration;
			buildSettings = {
				ASSETCATALOG_COMPILER_APPICON_NAME = AppIcon;
				CODE_SIGN_STYLE = Automatic;
				INFOPLIST_FILE = JACardViewDemo/Info.plist;
				IPHONEOS_DEPLOYMENT_TARGET = 10.0;
				LD_RUNPATH_SEARCH_PATHS = (
					"$(inherited)",
					"@executable_path/Frameworks",
				);
				PRODUCT_BUNDLE_IDENTIFIER = test.JACardViewDemo;
				PRODUCT_NAME = "$(TARGET_NAME)";
				TARGETED_DEVICE_FAMILY = "1,2";
			};
			name = Release;
		};
/* End XCBuildConfiguration section */

/* Begin XCConfigurationList section */
		0996A69421800739008FC1F5 /* Build configuration list for PBXProject "JACardViewDemo" */ = {
			isa = XCConfigurationList;
			buildConfigurations = (
				0996A6AD2180073B008FC1F5 /* Debug */,
				0996A6AE2180073B008FC1F5 /* Release */,
			);
			defaultConfigurationIsVisible = 0;
			defaultConfigurationName = Release;
		};
		0996A6AF2180073B008FC1F5 /* Build configuration list for PBXNativeTarget "JACardViewDemo" */ = {
			isa = XCConfigurationList;
			buildConfigurations = (
				0996A6B02180073B008FC1F5 /* Debug */,
				0996A6B12180073B008FC1F5 /* Release */,
			);
			defaultConfigurationIsVisible = 0;
			defaultConfigurationName = Release;
		};
/* End XCConfigurationList section */
	};
	rootObject = 0996A69121800739008FC1F5 /* Project object */;
}
